
Microsoft Visual Studio Solution File, Format Version 12.00
# Visual Studio Version 17
VisualStudioVersion = 17.0.31903.59
MinimumVisualStudioVersion = 10.0.40219.1
Project("{2150E333-8FDC-42A3-9474-1A3956D46DE8}") = "src", "src", "{827E0CD3-B72D-47B6-A68D-7590B98EB39B}"
EndProject
Project("{FAE04EC0-301F-11D3-BF4B-00C04F79EFBC}") = "Ctg.OpsHub.Application", "src\Ctg.OpsHub.Application\Ctg.OpsHub.Application.csproj", "{5858E00E-2E62-4DDA-B9A0-04B3EFA8A5FD}"
EndProject
Project("{FAE04EC0-301F-11D3-BF4B-00C04F79EFBC}") = "Ctg.OpsHub.Domain", "src\Ctg.OpsHub.Domain\Ctg.OpsHub.Domain.csproj", "{5AE96489-9E61-4573-BEF1-BF672D60F3E4}"
EndProject
Project("{FAE04EC0-301F-11D3-BF4B-00C04F79EFBC}") = "Ctg.OpsHub.Infrastructure", "src\Ctg.OpsHub.Infrastructure\Ctg.OpsHub.Infrastructure.csproj", "{BD439259-9533-4F31-9965-811054FEB03C}"
EndProject
Project("{2150E333-8FDC-42A3-9474-1A3956D46DE8}") = "tests", "tests", "{0AB3BF05-4346-4AA6-1389-037BE0695223}"
EndProject
Project("{FAE04EC0-301F-11D3-BF4B-00C04F79EFBC}") = "Ctg.OpsHub.ArchitectureTests", "tests\Ctg.OpsHub.ArchitectureTests\Ctg.OpsHub.ArchitectureTests.csproj", "{5574E42D-9A8D-4E47-B0C0-68DAB5EF0E3A}"
EndProject
Project("{FAE04EC0-301F-11D3-BF4B-00C04F79EFBC}") = "Ctg.OpsHub.IntegrationTests", "tests\Ctg.OpsHub.IntegrationTests\Ctg.OpsHub.IntegrationTests.csproj", "{01F4EF82-7A5A-4A44-A68B-F64D3DFF605E}"
EndProject
Project("{FAE04EC0-301F-11D3-BF4B-00C04F79EFBC}") = "Ctg.OpsHub.UnitTests", "tests\Ctg.OpsHub.UnitTests\Ctg.OpsHub.UnitTests.csproj", "{246A2FAE-E338-4974-9C19-7A631B7204D1}"
EndProject
Project("{FAE04EC0-301F-11D3-BF4B-00C04F79EFBC}") = "Ctg.OpsHub.Api", "src\Ctg.OpsHub.Api\Ctg.OpsHub.Api.csproj", "{E71617A5-9B72-4F0E-8A86-7EB7154B50CA}"
EndProject
Project("{FAE04EC0-301F-11D3-BF4B-00C04F79EFBC}") = "Ctg.OpsHub.WebUI", "src\Ctg.OpsHub.WebUI\Ctg.OpsHub.WebUI.csproj", "{27BF9904-B41F-4741-AF0F-AD3B02AC0D8F}"
EndProject
Project("{FAE04EC0-301F-11D3-BF4B-00C04F79EFBC}") = "Ctg.OpsHub.Gateway", "src\Ctg.OpsHub.Gateway\Ctg.OpsHub.Gateway.csproj", "{138549B4-6CAB-4B50-A833-A228C06461C4}"
EndProject
Global
	GlobalSection(SolutionConfigurationPlatforms) = preSolution
		Debug|Any CPU = Debug|Any CPU
		Debug|x64 = Debug|x64
		Debug|x86 = Debug|x86
		Release|Any CPU = Release|Any CPU
		Release|x64 = Release|x64
		Release|x86 = Release|x86
	EndGlobalSection
	GlobalSection(ProjectConfigurationPlatforms) = postSolution
		{5858E00E-2E62-4DDA-B9A0-04B3EFA8A5FD}.Debug|Any CPU.ActiveCfg = Debug|Any CPU
		{5858E00E-2E62-4DDA-B9A0-04B3EFA8A5FD}.Debug|Any CPU.Build.0 = Debug|Any CPU
		{5858E00E-2E62-4DDA-B9A0-04B3EFA8A5FD}.Debug|x64.ActiveCfg = Debug|Any CPU
		{5858E00E-2E62-4DDA-B9A0-04B3EFA8A5FD}.Debug|x64.Build.0 = Debug|Any CPU
		{5858E00E-2E62-4DDA-B9A0-04B3EFA8A5FD}.Debug|x86.ActiveCfg = Debug|Any CPU
		{5858E00E-2E62-4DDA-B9A0-04B3EFA8A5FD}.Debug|x86.Build.0 = Debug|Any CPU
		{5858E00E-2E62-4DDA-B9A0-04B3EFA8A5FD}.Release|Any CPU.ActiveCfg = Release|Any CPU
		{5858E00E-2E62-4DDA-B9A0-04B3EFA8A5FD}.Release|Any CPU.Build.0 = Release|Any CPU
		{5858E00E-2E62-4DDA-B9A0-04B3EFA8A5FD}.Release|x64.ActiveCfg = Release|Any CPU
		{5858E00E-2E62-4DDA-B9A0-04B3EFA8A5FD}.Release|x64.Build.0 = Release|Any CPU
		{5858E00E-2E62-4DDA-B9A0-04B3EFA8A5FD}.Release|x86.ActiveCfg = Release|Any CPU
		{5858E00E-2E62-4DDA-B9A0-04B3EFA8A5FD}.Release|x86.Build.0 = Release|Any CPU
		{5AE96489-9E61-4573-BEF1-BF672D60F3E4}.Debug|Any CPU.ActiveCfg = Debug|Any CPU
		{5AE96489-9E61-4573-BEF1-BF672D60F3E4}.Debug|Any CPU.Build.0 = Debug|Any CPU
		{5AE96489-9E61-4573-BEF1-BF672D60F3E4}.Debug|x64.ActiveCfg = Debug|Any CPU
		{5AE96489-9E61-4573-BEF1-BF672D60F3E4}.Debug|x64.Build.0 = Debug|Any CPU
		{5AE96489-9E61-4573-BEF1-BF672D60F3E4}.Debug|x86.ActiveCfg = Debug|Any CPU
		{5AE96489-9E61-4573-BEF1-BF672D60F3E4}.Debug|x86.Build.0 = Debug|Any CPU
		{5AE96489-9E61-4573-BEF1-BF672D60F3E4}.Release|Any CPU.ActiveCfg = Release|Any CPU
		{5AE96489-9E61-4573-BEF1-BF672D60F3E4}.Release|Any CPU.Build.0 = Release|Any CPU
		{5AE96489-9E61-4573-BEF1-BF672D60F3E4}.Release|x64.ActiveCfg = Release|Any CPU
		{5AE96489-9E61-4573-BEF1-BF672D60F3E4}.Release|x64.Build.0 = Release|Any CPU
		{5AE96489-9E61-4573-BEF1-BF672D60F3E4}.Release|x86.ActiveCfg = Release|Any CPU
		{5AE96489-9E61-4573-BEF1-BF672D60F3E4}.Release|x86.Build.0 = Release|Any CPU
		{BD439259-9533-4F31-9965-811054FEB03C}.Debug|Any CPU.ActiveCfg = Debug|Any CPU
		{BD439259-9533-4F31-9965-811054FEB03C}.Debug|Any CPU.Build.0 = Debug|Any CPU
		{BD439259-9533-4F31-9965-811054FEB03C}.Debug|x64.ActiveCfg = Debug|Any CPU
		{BD439259-9533-4F31-9965-811054FEB03C}.Debug|x64.Build.0 = Debug|Any CPU
		{BD439259-9533-4F31-9965-811054FEB03C}.Debug|x86.ActiveCfg = Debug|Any CPU
		{BD439259-9533-4F31-9965-811054FEB03C}.Debug|x86.Build.0 = Debug|Any CPU
		{BD439259-9533-4F31-9965-811054FEB03C}.Release|Any CPU.ActiveCfg = Release|Any CPU
		{BD439259-9533-4F31-9965-811054FEB03C}.Release|Any CPU.Build.0 = Release|Any CPU
		{BD439259-9533-4F31-9965-811054FEB03C}.Release|x64.ActiveCfg = Release|Any CPU
		{BD439259-9533-4F31-9965-811054FEB03C}.Release|x64.Build.0 = Release|Any CPU
		{BD439259-9533-4F31-9965-811054FEB03C}.Release|x86.ActiveCfg = Release|Any CPU
		{BD439259-9533-4F31-9965-811054FEB03C}.Release|x86.Build.0 = Release|Any CPU
		{5574E42D-9A8D-4E47-B0C0-68DAB5EF0E3A}.Debug|Any CPU.ActiveCfg = Debug|Any CPU
		{5574E42D-9A8D-4E47-B0C0-68DAB5EF0E3A}.Debug|Any CPU.Build.0 = Debug|Any CPU
		{5574E42D-9A8D-4E47-B0C0-68DAB5EF0E3A}.Debug|x64.ActiveCfg = Debug|Any CPU
		{5574E42D-9A8D-4E47-B0C0-68DAB5EF0E3A}.Debug|x64.Build.0 = Debug|Any CPU
		{5574E42D-9A8D-4E47-B0C0-68DAB5EF0E3A}.Debug|x86.ActiveCfg = Debug|Any CPU
		{5574E42D-9A8D-4E47-B0C0-68DAB5EF0E3A}.Debug|x86.Build.0 = Debug|Any CPU
		{5574E42D-9A8D-4E47-B0C0-68DAB5EF0E3A}.Release|Any CPU.ActiveCfg = Release|Any CPU
		{5574E42D-9A8D-4E47-B0C0-68DAB5EF0E3A}.Release|Any CPU.Build.0 = Release|Any CPU
		{5574E42D-9A8D-4E47-B0C0-68DAB5EF0E3A}.Release|x64.ActiveCfg = Release|Any CPU
		{5574E42D-9A8D-4E47-B0C0-68DAB5EF0E3A}.Release|x64.Build.0 = Release|Any CPU
		{5574E42D-9A8D-4E47-B0C0-68DAB5EF0E3A}.Release|x86.ActiveCfg = Release|Any CPU
		{5574E42D-9A8D-4E47-B0C0-68DAB5EF0E3A}.Release|x86.Build.0 = Release|Any CPU
		{01F4EF82-7A5A-4A44-A68B-F64D3DFF605E}.Debug|Any CPU.ActiveCfg = Debug|Any CPU
		{01F4EF82-7A5A-4A44-A68B-F64D3DFF605E}.Debug|Any CPU.Build.0 = Debug|Any CPU
		{01F4EF82-7A5A-4A44-A68B-F64D3DFF605E}.Debug|x64.ActiveCfg = Debug|Any CPU
		{01F4EF82-7A5A-4A44-A68B-F64D3DFF605E}.Debug|x64.Build.0 = Debug|Any CPU
		{01F4EF82-7A5A-4A44-A68B-F64D3DFF605E}.Debug|x86.ActiveCfg = Debug|Any CPU
		{01F4EF82-7A5A-4A44-A68B-F64D3DFF605E}.Debug|x86.Build.0 = Debug|Any CPU
		{01F4EF82-7A5A-4A44-A68B-F64D3DFF605E}.Release|Any CPU.ActiveCfg = Release|Any CPU
		{01F4EF82-7A5A-4A44-A68B-F64D3DFF605E}.Release|Any CPU.Build.0 = Release|Any CPU
		{01F4EF82-7A5A-4A44-A68B-F64D3DFF605E}.Release|x64.ActiveCfg = Release|Any CPU
		{01F4EF82-7A5A-4A44-A68B-F64D3DFF605E}.Release|x64.Build.0 = Release|Any CPU
		{01F4EF82-7A5A-4A44-A68B-F64D3DFF605E}.Release|x86.ActiveCfg = Release|Any CPU
		{01F4EF82-7A5A-4A44-A68B-F64D3DFF605E}.Release|x86.Build.0 = Release|Any CPU
		{246A2FAE-E338-4974-9C19-7A631B7204D1}.Debug|Any CPU.ActiveCfg = Debug|Any CPU
		{246A2FAE-E338-4974-9C19-7A631B7204D1}.Debug|Any CPU.Build.0 = Debug|Any CPU
		{246A2FAE-E338-4974-9C19-7A631B7204D1}.Debug|x64.ActiveCfg = Debug|Any CPU
		{246A2FAE-E338-4974-9C19-7A631B7204D1}.Debug|x64.Build.0 = Debug|Any CPU
		{246A2FAE-E338-4974-9C19-7A631B7204D1}.Debug|x86.ActiveCfg = Debug|Any CPU
		{246A2FAE-E338-4974-9C19-7A631B7204D1}.Debug|x86.Build.0 = Debug|Any CPU
		{246A2FAE-E338-4974-9C19-7A631B7204D1}.Release|Any CPU.ActiveCfg = Release|Any CPU
		{246A2FAE-E338-4974-9C19-7A631B7204D1}.Release|Any CPU.Build.0 = Release|Any CPU
		{246A2FAE-E338-4974-9C19-7A631B7204D1}.Release|x64.ActiveCfg = Release|Any CPU
		{246A2FAE-E338-4974-9C19-7A631B7204D1}.Release|x64.Build.0 = Release|Any CPU
		{246A2FAE-E338-4974-9C19-7A631B7204D1}.Release|x86.ActiveCfg = Release|Any CPU
		{246A2FAE-E338-4974-9C19-7A631B7204D1}.Release|x86.Build.0 = Release|Any CPU
		{E71617A5-9B72-4F0E-8A86-7EB7154B50CA}.Debug|Any CPU.ActiveCfg = Debug|Any CPU
		{E71617A5-9B72-4F0E-8A86-7EB7154B50CA}.Debug|Any CPU.Build.0 = Debug|Any CPU
		{E71617A5-9B72-4F0E-8A86-7EB7154B50CA}.Debug|x64.ActiveCfg = Debug|Any CPU
		{E71617A5-9B72-4F0E-8A86-7EB7154B50CA}.Debug|x64.Build.0 = Debug|Any CPU
		{E71617A5-9B72-4F0E-8A86-7EB7154B50CA}.Debug|x86.ActiveCfg = Debug|Any CPU
		{E71617A5-9B72-4F0E-8A86-7EB7154B50CA}.Debug|x86.Build.0 = Debug|Any CPU
		{E71617A5-9B72-4F0E-8A86-7EB7154B50CA}.Release|Any CPU.ActiveCfg = Release|Any CPU
		{E71617A5-9B72-4F0E-8A86-7EB7154B50CA}.Release|Any CPU.Build.0 = Release|Any CPU
		{E71617A5-9B72-4F0E-8A86-7EB7154B50CA}.Release|x64.ActiveCfg = Release|Any CPU
		{E71617A5-9B72-4F0E-8A86-7EB7154B50CA}.Release|x64.Build.0 = Release|Any CPU
		{E71617A5-9B72-4F0E-8A86-7EB7154B50CA}.Release|x86.ActiveCfg = Release|Any CPU
		{E71617A5-9B72-4F0E-8A86-7EB7154B50CA}.Release|x86.Build.0 = Release|Any CPU
		{27BF9904-B41F-4741-AF0F-AD3B02AC0D8F}.Debug|Any CPU.ActiveCfg = Debug|Any CPU
		{27BF9904-B41F-4741-AF0F-AD3B02AC0D8F}.Debug|Any CPU.Build.0 = Debug|Any CPU
		{27BF9904-B41F-4741-AF0F-AD3B02AC0D8F}.Debug|x64.ActiveCfg = Debug|Any CPU
		{27BF9904-B41F-4741-AF0F-AD3B02AC0D8F}.Debug|x64.Build.0 = Debug|Any CPU
		{27BF9904-B41F-4741-AF0F-AD3B02AC0D8F}.Debug|x86.ActiveCfg = Debug|Any CPU
		{27BF9904-B41F-4741-AF0F-AD3B02AC0D8F}.Debug|x86.Build.0 = Debug|Any CPU
		{27BF9904-B41F-4741-AF0F-AD3B02AC0D8F}.Release|Any CPU.ActiveCfg = Release|Any CPU
		{27BF9904-B41F-4741-AF0F-AD3B02AC0D8F}.Release|Any CPU.Build.0 = Release|Any CPU
		{27BF9904-B41F-4741-AF0F-AD3B02AC0D8F}.Release|x64.ActiveCfg = Release|Any CPU
		{27BF9904-B41F-4741-AF0F-AD3B02AC0D8F}.Release|x64.Build.0 = Release|Any CPU
		{27BF9904-B41F-4741-AF0F-AD3B02AC0D8F}.Release|x86.ActiveCfg = Release|Any CPU
		{27BF9904-B41F-4741-AF0F-AD3B02AC0D8F}.Release|x86.Build.0 = Release|Any CPU
		{138549B4-6CAB-4B50-A833-A228C06461C4}.Debug|Any CPU.ActiveCfg = Debug|Any CPU
		{138549B4-6CAB-4B50-A833-A228C06461C4}.Debug|Any CPU.Build.0 = Debug|Any CPU
		{138549B4-6CAB-4B50-A833-A228C06461C4}.Debug|x64.ActiveCfg = Debug|Any CPU
		{138549B4-6CAB-4B50-A833-A228C06461C4}.Debug|x64.Build.0 = Debug|Any CPU
		{138549B4-6CAB-4B50-A833-A228C06461C4}.Debug|x86.ActiveCfg = Debug|Any CPU
		{138549B4-6CAB-4B50-A833-A228C06461C4}.Debug|x86.Build.0 = Debug|Any CPU
		{138549B4-6CAB-4B50-A833-A228C06461C4}.Release|Any CPU.ActiveCfg = Release|Any CPU
		{138549B4-6CAB-4B50-A833-A228C06461C4}.Release|Any CPU.Build.0 = Release|Any CPU
		{138549B4-6CAB-4B50-A833-A228C06461C4}.Release|x64.ActiveCfg = Release|Any CPU
		{138549B4-6CAB-4B50-A833-A228C06461C4}.Release|x64.Build.0 = Release|Any CPU
		{138549B4-6CAB-4B50-A833-A228C06461C4}.Release|x86.ActiveCfg = Release|Any CPU
		{138549B4-6CAB-4B50-A833-A228C06461C4}.Release|x86.Build.0 = Release|Any CPU
	EndGlobalSection
	GlobalSection(SolutionProperties) = preSolution
		HideSolutionNode = FALSE
	EndGlobalSection
	GlobalSection(NestedProjects) = preSolution
		{5858E00E-2E62-4DDA-B9A0-04B3EFA8A5FD} = {827E0CD3-B72D-47B6-A68D-7590B98EB39B}
		{5AE96489-9E61-4573-BEF1-BF672D60F3E4} = {827E0CD3-B72D-47B6-A68D-7590B98EB39B}
		{BD439259-9533-4F31-9965-811054FEB03C} = {827E0CD3-B72D-47B6-A68D-7590B98EB39B}
		{5574E42D-9A8D-4E47-B0C0-68DAB5EF0E3A} = {0AB3BF05-4346-4AA6-1389-037BE0695223}
		{01F4EF82-7A5A-4A44-A68B-F64D3DFF605E} = {0AB3BF05-4346-4AA6-1389-037BE0695223}
		{246A2FAE-E338-4974-9C19-7A631B7204D1} = {0AB3BF05-4346-4AA6-1389-037BE0695223}
		{E71617A5-9B72-4F0E-8A86-7EB7154B50CA} = {827E0CD3-B72D-47B6-A68D-7590B98EB39B}
		{27BF9904-B41F-4741-AF0F-AD3B02AC0D8F} = {827E0CD3-B72D-47B6-A68D-7590B98EB39B}
		{138549B4-6CAB-4B50-A833-A228C06461C4} = {827E0CD3-B72D-47B6-A68D-7590B98EB39B}
	EndGlobalSection
EndGlobal
